
Microsoft Visual Studio Solution File, Format Version 12.00
# Visual Studio Version 16
VisualStudioVersion = 16.0.31005.135
MinimumVisualStudioVersion = 10.0.40219.1
Project("{FAE04EC0-301F-11D3-BF4B-00C04F79EFBC}") = "BowlingLeague", "BowlingLeague.csproj", "{DC04E3D9-5BA2-4768-94AB-F73C8AED137A}"
EndProject
Global
	GlobalSection(SolutionConfigurationPlatforms) = preSolution
		Debug|Any CPU = Debug|Any CPU
		Release|Any CPU = Release|Any CPU
	EndGlobalSection
	GlobalSection(ProjectConfigurationPlatforms) = postSolution
		{DC04E3D9-5BA2-4768-94AB-F73C8AED137A}.Debug|Any CPU.ActiveCfg = Debug|Any CPU
		{DC04E3D9-5BA2-4768-94AB-F73C8AED137A}.Debug|Any CPU.Build.0 = Debug|Any CPU
		{DC04E3D9-5BA2-4768-94AB-F73C8AED137A}.Release|Any CPU.ActiveCfg = Release|Any CPU
		{DC04E3D9-5BA2-4768-94AB-F73C8AED137A}.Release|Any CPU.Build.0 = Release|Any CPU
	EndGlobalSection
	GlobalSection(SolutionProperties) = preSolution
		HideSolutionNode = FALSE
	EndGlobalSection
	GlobalSection(ExtensibilityGlobals) = postSolution
		SolutionGuid = {6C3D9AE9-D008-43E4-A579-18DEDC801527}
	EndGlobalSection
EndGlobal
